
Microsoft Visual Studio Solution File, Format Version 9.00
# Visual Studio 2005
Project("{FAE04EC0-301F-11D3-BF4B-00C04F79EFBC}") = "FSX Google Earth Tracker", "FSX Google Earth Tracker\FSX Google Earth Tracker.csproj", "{86BDE965-A297-492B-9604-B4749CA25759}"
EndProject
Project("{54435603-DBB4-11D2-8724-00A0C9A8B90C}") = "Installer", "Installer\Installer.vdproj", "{E082F38D-02EC-4BE8-BE75-19C277EB0930}"
EndProject
Project("{FAE04EC0-301F-11D3-BF4B-00C04F79EFBC}") = "User Interface", "User Interface\User Interface.csproj", "{8E52181D-AD7C-464A-A54C-92451D93839B}"
EndProject
Project("{FAE04EC0-301F-11D3-BF4B-00C04F79EFBC}") = "HardwareInfo", "HardwareInfo\HardwareInfo.csproj", "{DECBB995-52C4-4126-B534-D8FC44AB6B19}"
EndProject
Project("{FAE04EC0-301F-11D3-BF4B-00C04F79EFBC}") = "WebLoader", "WebLoader\WebLoader.csproj", "{D8957863-1918-42CC-856B-77C68BDB3C81}"
EndProject
Global
	GlobalSection(TeamFoundationVersionControl) = preSolution
		SccNumberOfProjects = 6
		SccEnterpriseProvider = {4CA58AB2-18FA-4F8D-95D4-32DDF27D184C}
		SccTeamFoundationServer = https://tfs02.codeplex.com/
		SccLocalPath0 = .
		SccProjectUniqueName1 = FSX\u0020Google\u0020Earth\u0020Tracker\\FSX\u0020Google\u0020Earth\u0020Tracker.csproj
		SccProjectName1 = FSX\u0020Google\u0020Earth\u0020Tracker
		SccLocalPath1 = FSX\u0020Google\u0020Earth\u0020Tracker
		SccProjectUniqueName2 = Installer\\Installer.vdproj
		SccProjectName2 = Installer
		SccLocalPath2 = Installer
		SccProjectUniqueName3 = User\u0020Interface\\User\u0020Interface.csproj
		SccProjectName3 = User\u0020Interface
		SccLocalPath3 = User\u0020Interface
		SccProjectUniqueName4 = HardwareInfo\\HardwareInfo.csproj
		SccProjectName4 = HardwareInfo
		SccLocalPath4 = HardwareInfo
		SccProjectUniqueName5 = WebLoader\\WebLoader.csproj
		SccProjectName5 = WebLoader
		SccLocalPath5 = WebLoader
	EndGlobalSection
	GlobalSection(SolutionConfigurationPlatforms) = preSolution
		Debug|Any CPU = Debug|Any CPU
		Release|Any CPU = Release|Any CPU
	EndGlobalSection
	GlobalSection(ProjectConfigurationPlatforms) = postSolution
		{86BDE965-A297-492B-9604-B4749CA25759}.Debug|Any CPU.ActiveCfg = Debug|Any CPU
		{86BDE965-A297-492B-9604-B4749CA25759}.Debug|Any CPU.Build.0 = Debug|Any CPU
		{86BDE965-A297-492B-9604-B4749CA25759}.Release|Any CPU.ActiveCfg = Release|Any CPU
		{86BDE965-A297-492B-9604-B4749CA25759}.Release|Any CPU.Build.0 = Release|Any CPU
		{E082F38D-02EC-4BE8-BE75-19C277EB0930}.Debug|Any CPU.ActiveCfg = Debug
		{E082F38D-02EC-4BE8-BE75-19C277EB0930}.Release|Any CPU.ActiveCfg = Release
		{8E52181D-AD7C-464A-A54C-92451D93839B}.Debug|Any CPU.ActiveCfg = Debug|Any CPU
		{8E52181D-AD7C-464A-A54C-92451D93839B}.Debug|Any CPU.Build.0 = Debug|Any CPU
		{8E52181D-AD7C-464A-A54C-92451D93839B}.Release|Any CPU.ActiveCfg = Release|Any CPU
		{8E52181D-AD7C-464A-A54C-92451D93839B}.Release|Any CPU.Build.0 = Release|Any CPU
		{DECBB995-52C4-4126-B534-D8FC44AB6B19}.Debug|Any CPU.ActiveCfg = Debug|Any CPU
		{DECBB995-52C4-4126-B534-D8FC44AB6B19}.Debug|Any CPU.Build.0 = Debug|Any CPU
		{DECBB995-52C4-4126-B534-D8FC44AB6B19}.Release|Any CPU.ActiveCfg = Release|Any CPU
		{DECBB995-52C4-4126-B534-D8FC44AB6B19}.Release|Any CPU.Build.0 = Release|Any CPU
		{D8957863-1918-42CC-856B-77C68BDB3C81}.Debug|Any CPU.ActiveCfg = Debug|Any CPU
		{D8957863-1918-42CC-856B-77C68BDB3C81}.Debug|Any CPU.Build.0 = Debug|Any CPU
		{D8957863-1918-42CC-856B-77C68BDB3C81}.Release|Any CPU.ActiveCfg = Release|Any CPU
		{D8957863-1918-42CC-856B-77C68BDB3C81}.Release|Any CPU.Build.0 = Release|Any CPU
	EndGlobalSection
	GlobalSection(SolutionProperties) = preSolution
		HideSolutionNode = FALSE
	EndGlobalSection
EndGlobal
